// !$*UTF8*$!
{
	archiveVersion = 1;
	classes = {
	};
	objectVersion = 56;
	objects = {

/* Begin PBXBuildFile section */
		9F0ED6BC2E33E05C000B7E65 /* SwiftUIAppApp.swift in Sources */ = {isa = PBXBuildFile; fileRef = 9F0ED6BB2E33E05C000B7E65 /* SwiftUIAppApp.swift */; };
		9F0ED6BE2E33E05C000B7E65 /* ContentView.swift in Sources */ = {isa = PBXBuildFile; fileRef = 9F0ED6BD2E33E05C000B7E65 /* ContentView.swift */; };
		9F0ED6C02E33E05D000B7E65 /* Assets.xcassets in Resources */ = {isa = PBXBuildFile; fileRef = 9F0ED6BF2E33E05D000B7E65 /* Assets.xcassets */; };
		9F0ED6C32E33E05D000B7E65 /* Preview Assets.xcassets in Resources */ = {isa = PBXBuildFile; fileRef = 9F0ED6C22E33E05D000B7E65 /* Preview Assets.xcassets */; };
		9F0ED6CD2E33E05E000B7E65 /* SwiftUIAppTests.swift in Sources */ = {isa = PBXBuildFile; fileRef = 9F0ED6CC2E33E05E000B7E65 /* SwiftUIAppTests.swift */; };
		9F0ED6D72E33E05E000B7E65 /* SwiftUIAppUITests.swift in Sources */ = {isa = PBXBuildFile; fileRef = 9F0ED6D62E33E05E000B7E65 /* SwiftUIAppUITests.swift */; };
		9F0ED6D92E33E05E000B7E65 /* SwiftUIAppUITestsLaunchTests.swift in Sources */ = {isa = PBXBuildFile; fileRef = 9F0ED6D82E33E05E000B7E65 /* SwiftUIAppUITestsLaunchTests.swift */; };
		9F0ED6E82E33E9BE000B7E65 /* TodoItem.swift in Sources */ = {isa = PBXBuildFile; fileRef = 9F0ED6E72E33E9BE000B7E65 /* TodoItem.swift */; };
		9F53E0962E47259300F65267 /* AuthViewModel.swift in Sources */ = {isa = PBXBuildFile; fileRef = 9F53E0952E47259300F65267 /* AuthViewModel.swift */; };
		9F53E0982E4725C800F65267 /* LoginView.swift in Sources */ = {isa = PBXBuildFile; fileRef = 9F53E0972E4725C800F65267 /* LoginView.swift */; };
		9F53E09A2E4725DA00F65267 /* RegisterView.swift in Sources */ = {isa = PBXBuildFile; fileRef = 9F53E0992E4725DA00F65267 /* RegisterView.swift */; };
		9F53E09C2E4725F600F65267 /* MainView.swift in Sources */ = {isa = PBXBuildFile; fileRef = 9F53E09B2E4725F600F65267 /* MainView.swift */; };
		9F53E09E2E47264300F65267 /* readMe.md in Resources */ = {isa = PBXBuildFile; fileRef = 9F53E09D2E47264300F65267 /* readMe.md */; };
/* End PBXBuildFile section */

/* Begin PBXContainerItemProxy section */
		9F0ED6C92E33E05E000B7E65 /* PBXContainerItemProxy */ = {
			isa = PBXContainerItemProxy;
			containerPortal = 9F0ED6B02E33E05C000B7E65 /* Project object */;
			proxyType = 1;
			remoteGlobalIDString = 9F0ED6B72E33E05C000B7E65;
			remoteInfo = SwiftUIApp;
		};
		9F0ED6D32E33E05E000B7E65 /* PBXContainerItemProxy */ = {
			isa = PBXContainerItemProxy;
			containerPortal = 9F0ED6B02E33E05C000B7E65 /* Project object */;
			proxyType = 1;
			remoteGlobalIDString = 9F0ED6B72E33E05C000B7E65;
			remoteInfo = SwiftUIApp;
		};
/* End PBXContainerItemProxy section */

/* Begin PBXFileReference section */
		9F0ED6B82E33E05C000B7E65 /* SwiftUIApp.app */ = {isa = PBXFileReference; explicitFileType = wrapper.application; includeInIndex = 0; path = SwiftUIApp.app; sourceTree = BUILT_PRODUCTS_DIR; };
		9F0ED6BB2E33E05C000B7E65 /* SwiftUIAppApp.swift */ = {isa = PBXFileReference; lastKnownFileType = sourcecode.swift; path = SwiftUIAppApp.swift; sourceTree = "<group>"; };
		9F0ED6BD2E33E05C000B7E65 /* ContentView.swift */ = {isa = PBXFileReference; lastKnownFileType = sourcecode.swift; path = ContentView.swift; sourceTree = "<group>"; };
		9F0ED6BF2E33E05D000B7E65 /* Assets.xcassets */ = {isa = PBXFileReference; lastKnownFileType = folder.assetcatalog; path = Assets.xcassets; sourceTree = "<group>"; };
		9F0ED6C22E33E05D000B7E65 /* Preview Assets.xcassets */ = {isa = PBXFileReference; lastKnownFileType = folder.assetcatalog; path = "Preview Assets.xcassets"; sourceTree = "<group>"; };
		9F0ED6C82E33E05E000B7E65 /* SwiftUIAppTests.xctest */ = {isa = PBXFileReference; explicitFileType = wrapper.cfbundle; includeInIndex = 0; path = SwiftUIAppTests.xctest; sourceTree = BUILT_PRODUCTS_DIR; };
		9F0ED6CC2E33E05E000B7E65 /* SwiftUIAppTests.swift */ = {isa = PBXFileReference; lastKnownFileType = sourcecode.swift; path = SwiftUIAppTests.swift; sourceTree = "<group>"; };
		9F0ED6D22E33E05E000B7E65 /* SwiftUIAppUITests.xctest */ = {isa = PBXFileReference; explicitFileType = wrapper.cfbundle; includeInIndex = 0; path = SwiftUIAppUITests.xctest; sourceTree = BUILT_PRODUCTS_DIR; };
		9F0ED6D62E33E05E000B7E65 /* SwiftUIAppUITests.swift */ = {isa = PBXFileReference; lastKnownFileType = sourcecode.swift; path = SwiftUIAppUITests.swift; sourceTree = "<group>"; };
		9F0ED6D82E33E05E000B7E65 /* SwiftUIAppUITestsLaunchTests.swift */ = {isa = PBXFileReference; lastKnownFileType = sourcecode.swift; path = SwiftUIAppUITestsLaunchTests.swift; sourceTree = "<group>"; };
		9F0ED6E72E33E9BE000B7E65 /* TodoItem.swift */ = {isa = PBXFileReference; lastKnownFileType = sourcecode.swift; path = TodoItem.swift; sourceTree = "<group>"; };
		9F53E0952E47259300F65267 /* AuthViewModel.swift */ = {isa = PBXFileReference; lastKnownFileType = sourcecode.swift; path = AuthViewModel.swift; sourceTree = "<group>"; };
		9F53E0972E4725C800F65267 /* LoginView.swift */ = {isa = PBXFileReference; lastKnownFileType = sourcecode.swift; path = LoginView.swift; sourceTree = "<group>"; };
		9F53E0992E4725DA00F65267 /* RegisterView.swift */ = {isa = PBXFileReference; lastKnownFileType = sourcecode.swift; path = RegisterView.swift; sourceTree = "<group>"; };
		9F53E09B2E4725F600F65267 /* MainView.swift */ = {isa = PBXFileReference; lastKnownFileType = sourcecode.swift; path = MainView.swift; sourceTree = "<group>"; };
		9F53E09D2E47264300F65267 /* readMe.md */ = {isa = PBXFileReference; lastKnownFileType = net.daringfireball.markdown; path = readMe.md; sourceTree = "<group>"; };
/* End PBXFileReference section */

/* Begin PBXFrameworksBuildPhase section */
		9F0ED6B52E33E05C000B7E65 /* Frameworks */ = {
			isa = PBXFrameworksBuildPhase;
			buildActionMask = 2147483647;
			files = (
			);
			runOnlyForDeploymentPostprocessing = 0;
		};
		9F0ED6C52E33E05E000B7E65 /* Frameworks */ = {
			isa = PBXFrameworksBuildPhase;
			buildActionMask = 2147483647;
			files = (
			);
			runOnlyForDeploymentPostprocessing = 0;
		};
		9F0ED6CF2E33E05E000B7E65 /* Frameworks */ = {
			isa = PBXFrameworksBuildPhase;
			buildActionMask = 2147483647;
			files = (
			);
			runOnlyForDeploymentPostprocessing = 0;
		};
/* End PBXFrameworksBuildPhase section */

/* Begin PBXGroup section */
		9F0ED6AF2E33E05C000B7E65 = {
			isa = PBXGroup;
			children = (
				9F0ED6BA2E33E05C000B7E65 /* SwiftUIApp */,
				9F0ED6CB2E33E05E000B7E65 /* SwiftUIAppTests */,
				9F0ED6D52E33E05E000B7E65 /* SwiftUIAppUITests */,
				9F0ED6B92E33E05C000B7E65 /* Products */,
			);
			sourceTree = "<group>";
		};
		9F0ED6B92E33E05C000B7E65 /* Products */ = {
			isa = PBXGroup;
			children = (
				9F0ED6B82E33E05C000B7E65 /* SwiftUIApp.app */,
				9F0ED6C82E33E05E000B7E65 /* SwiftUIAppTests.xctest */,
				9F0ED6D22E33E05E000B7E65 /* SwiftUIAppUITests.xctest */,
			);
			name = Products;
			sourceTree = "<group>";
		};
		9F0ED6BA2E33E05C000B7E65 /* SwiftUIApp */ = {
			isa = PBXGroup;
			children = (
				9F0ED6E52E33E99C000B7E65 /* src */,
				9F0ED6BB2E33E05C000B7E65 /* SwiftUIAppApp.swift */,
				9F0ED6BD2E33E05C000B7E65 /* ContentView.swift */,
				9F0ED6BF2E33E05D000B7E65 /* Assets.xcassets */,
				9F0ED6C12E33E05D000B7E65 /* Preview Content */,
				9F53E09D2E47264300F65267 /* readMe.md */,
			);
			path = SwiftUIApp;
			sourceTree = "<group>";
		};
		9F0ED6C12E33E05D000B7E65 /* Preview Content */ = {
			isa = PBXGroup;
			children = (
				9F0ED6C22E33E05D000B7E65 /* Preview Assets.xcassets */,
			);
			path = "Preview Content";
			sourceTree = "<group>";
		};
		9F0ED6CB2E33E05E000B7E65 /* SwiftUIAppTests */ = {
			isa = PBXGroup;
			children = (
				9F0ED6CC2E33E05E000B7E65 /* SwiftUIAppTests.swift */,
			);
			path = SwiftUIAppTests;
			sourceTree = "<group>";
		};
		9F0ED6D52E33E05E000B7E65 /* SwiftUIAppUITests */ = {
			isa = PBXGroup;
			children = (
				9F0ED6D62E33E05E000B7E65 /* SwiftUIAppUITests.swift */,
				9F0ED6D82E33E05E000B7E65 /* SwiftUIAppUITestsLaunchTests.swift */,
			);
			path = SwiftUIAppUITests;
			sourceTree = "<group>";
		};
		9F0ED6E52E33E99C000B7E65 /* src */ = {
			isa = PBXGroup;
			children = (
				9F53E0912E47255B00F65267 /* screen */,
				9F0ED6E62E33E9A9000B7E65 /* model */,
			);
			path = src;
			sourceTree = "<group>";
		};
		9F0ED6E62E33E9A9000B7E65 /* model */ = {
			isa = PBXGroup;
			children = (
				9F0ED6E72E33E9BE000B7E65 /* TodoItem.swift */,
			);
			path = model;
			sourceTree = "<group>";
		};
		9F53E0912E47255B00F65267 /* screen */ = {
			isa = PBXGroup;
			children = (
				9F53E0942E47257700F65267 /* dashboard */,
				9F53E0932E47257000F65267 /* register */,
				9F53E0922E47256700F65267 /* login */,
			);
			path = screen;
			sourceTree = "<group>";
		};
		9F53E0922E47256700F65267 /* login */ = {
			isa = PBXGroup;
			children = (
				9F53E0952E47259300F65267 /* AuthViewModel.swift */,
				9F53E0972E4725C800F65267 /* LoginView.swift */,
			);
			path = login;
			sourceTree = "<group>";
		};
		9F53E0932E47257000F65267 /* register */ = {
			isa = PBXGroup;
			children = (
				9F53E0992E4725DA00F65267 /* RegisterView.swift */,
			);
			path = register;
			sourceTree = "<group>";
		};
		9F53E0942E47257700F65267 /* dashboard */ = {
			isa = PBXGroup;
			children = (
				9F53E09B2E4725F600F65267 /* MainView.swift */,
			);
			path = dashboard;
			sourceTree = "<group>";
		};
/* End PBXGroup section */

/* Begin PBXNativeTarget section */
		9F0ED6B72E33E05C000B7E65 /* SwiftUIApp */ = {
			isa = PBXNativeTarget;
			buildConfigurationList = 9F0ED6DC2E33E05E000B7E65 /* Build configuration list for PBXNativeTarget "SwiftUIApp" */;
			buildPhases = (
				9F0ED6B42E33E05C000B7E65 /* Sources */,
				9F0ED6B52E33E05C000B7E65 /* Frameworks */,
				9F0ED6B62E33E05C000B7E65 /* Resources */,
			);
			buildRules = (
			);
			dependencies = (
			);
			name = SwiftUIApp;
			productName = SwiftUIApp;
			productReference = 9F0ED6B82E33E05C000B7E65 /* SwiftUIApp.app */;
			productType = "com.apple.product-type.application";
		};
		9F0ED6C72E33E05E000B7E65 /* SwiftUIAppTests */ = {
			isa = PBXNativeTarget;
			buildConfigurationList = 9F0ED6DF2E33E05E000B7E65 /* Build configuration list for PBXNativeTarget "SwiftUIAppTests" */;
			buildPhases = (
				9F0ED6C42E33E05E000B7E65 /* Sources */,
				9F0ED6C52E33E05E000B7E65 /* Frameworks */,
				9F0ED6C62E33E05E000B7E65 /* Resources */,
			);
			buildRules = (
			);
			dependencies = (
				9F0ED6CA2E33E05E000B7E65 /* PBXTargetDependency */,
			);
			name = SwiftUIAppTests;
			productName = SwiftUIAppTests;
			productReference = 9F0ED6C82E33E05E000B7E65 /* SwiftUIAppTests.xctest */;
			productType = "com.apple.product-type.bundle.unit-test";
		};
		9F0ED6D12E33E05E000B7E65 /* SwiftUIAppUITests */ = {
			isa = PBXNativeTarget;
			buildConfigurationList = 9F0ED6E22E33E05E000B7E65 /* Build configuration list for PBXNativeTarget "SwiftUIAppUITests" */;
			buildPhases = (
				9F0ED6CE2E33E05E000B7E65 /* Sources */,
				9F0ED6CF2E33E05E000B7E65 /* Frameworks */,
				9F0ED6D02E33E05E000B7E65 /* Resources */,
			);
			buildRules = (
			);
			dependencies = (
				9F0ED6D42E33E05E000B7E65 /* PBXTargetDependency */,
			);
			name = SwiftUIAppUITests;
			productName = SwiftUIAppUITests;
			productReference = 9F0ED6D22E33E05E000B7E65 /* SwiftUIAppUITests.xctest */;
			productType = "com.apple.product-type.bundle.ui-testing";
		};
/* End PBXNativeTarget section */

/* Begin PBXProject section */
		9F0ED6B02E33E05C000B7E65 /* Project object */ = {
			isa = PBXProject;
			attributes = {
				BuildIndependentTargetsInParallel = 1;
				LastSwiftUpdateCheck = 1420;
				LastUpgradeCheck = 1420;
				TargetAttributes = {
					9F0ED6B72E33E05C000B7E65 = {
						CreatedOnToolsVersion = 14.2;
					};
					9F0ED6C72E33E05E000B7E65 = {
						CreatedOnToolsVersion = 14.2;
						TestTargetID = 9F0ED6B72E33E05C000B7E65;
					};
					9F0ED6D12E33E05E000B7E65 = {
						CreatedOnToolsVersion = 14.2;
						TestTargetID = 9F0ED6B72E33E05C000B7E65;
					};
				};
			};
			buildConfigurationList = 9F0ED6B32E33E05C000B7E65 /* Build configuration list for PBXProject "SwiftUIApp" */;
			compatibilityVersion = "Xcode 14.0";
			developmentRegion = en;
			hasScannedForEncodings = 0;
			knownRegions = (
				en,
				Base,
			);
			mainGroup = 9F0ED6AF2E33E05C000B7E65;
			productRefGroup = 9F0ED6B92E33E05C000B7E65 /* Products */;
			projectDirPath = "";
			projectRoot = "";
			targets = (
				9F0ED6B72E33E05C000B7E65 /* SwiftUIApp */,
				9F0ED6C72E33E05E000B7E65 /* SwiftUIAppTests */,
				9F0ED6D12E33E05E000B7E65 /* SwiftUIAppUITests */,
			);
		};
/* End PBXProject section */

/* Begin PBXResourcesBuildPhase section */
		9F0ED6B62E33E05C000B7E65 /* Resources */ = {
			isa = PBXResourcesBuildPhase;
			buildActionMask = 2147483647;
			files = (
				9F0ED6C32E33E05D000B7E65 /* Preview Assets.xcassets in Resources */,
				9F53E09E2E47264300F65267 /* readMe.md in Resources */,
				9F0ED6C02E33E05D000B7E65 /* Assets.xcassets in Resources */,
			);
			runOnlyForDeploymentPostprocessing = 0;
		};
		9F0ED6C62E33E05E000B7E65 /* Resources */ = {
			isa = PBXResourcesBuildPhase;
			buildActionMask = 2147483647;
			files = (
			);
			runOnlyForDeploymentPostprocessing = 0;
		};
		9F0ED6D02E33E05E000B7E65 /* Resources */ = {
			isa = PBXResourcesBuildPhase;
			buildActionMask = 2147483647;
			files = (
			);
			runOnlyForDeploymentPostprocessing = 0;
		};
/* End PBXResourcesBuildPhase section */

/* Begin PBXSourcesBuildPhase section */
		9F0ED6B42E33E05C000B7E65 /* Sources */ = {
			isa = PBXSourcesBuildPhase;
			buildActionMask = 2147483647;
			files = (
				9F53E0962E47259300F65267 /* AuthViewModel.swift in Sources */,
				9F53E09C2E4725F600F65267 /* MainView.swift in Sources */,
				9F0ED6BE2E33E05C000B7E65 /* ContentView.swift in Sources */,
				9F0ED6E82E33E9BE000B7E65 /* TodoItem.swift in Sources */,
				9F53E09A2E4725DA00F65267 /* RegisterView.swift in Sources */,
				9F53E0982E4725C800F65267 /* LoginView.swift in Sources */,
				9F0ED6BC2E33E05C000B7E65 /* SwiftUIAppApp.swift in Sources */,
			);
			runOnlyForDeploymentPostprocessing = 0;
		};
		9F0ED6C42E33E05E000B7E65 /* Sources */ = {
			isa = PBXSourcesBuildPhase;
			buildActionMask = 2147483647;
			files = (
				9F0ED6CD2E33E05E000B7E65 /* SwiftUIAppTests.swift in Sources */,
			);
			runOnlyForDeploymentPostprocessing = 0;
		};
		9F0ED6CE2E33E05E000B7E65 /* Sources */ = {
			isa = PBXSourcesBuildPhase;
			buildActionMask = 2147483647;
			files = (
				9F0ED6D92E33E05E000B7E65 /* SwiftUIAppUITestsLaunchTests.swift in Sources */,
				9F0ED6D72E33E05E000B7E65 /* SwiftUIAppUITests.swift in Sources */,
			);
			runOnlyForDeploymentPostprocessing = 0;
		};
/* End PBXSourcesBuildPhase section */

/* Begin PBXTargetDependency section */
		9F0ED6CA2E33E05E000B7E65 /* PBXTargetDependency */ = {
			isa = PBXTargetDependency;
			target = 9F0ED6B72E33E05C000B7E65 /* SwiftUIApp */;
			targetProxy = 9F0ED6C92E33E05E000B7E65 /* PBXContainerItemProxy */;
		};
		9F0ED6D42E33E05E000B7E65 /* PBXTargetDependency */ = {
			isa = PBXTargetDependency;
			target = 9F0ED6B72E33E05C000B7E65 /* SwiftUIApp */;
			targetProxy = 9F0ED6D32E33E05E000B7E65 /* PBXContainerItemProxy */;
		};
/* End PBXTargetDependency section */

/* Begin XCBuildConfiguration section */
		9F0ED6DA2E33E05E000B7E65 /* Debug */ = {
			isa = XCBuildConfiguration;
			buildSettings = {
				ALWAYS_SEARCH_USER_PATHS = NO;
				CLANG_ANALYZER_NONNULL = YES;
				CLANG_ANALYZER_NUMBER_OBJECT_CONVERSION = YES_AGGRESSIVE;
				CLANG_CXX_LANGUAGE_STANDARD = "gnu++20";
				CLANG_ENABLE_MODULES = YES;
				CLANG_ENABLE_OBJC_ARC = YES;
				CLANG_ENABLE_OBJC_WEAK = YES;
				CLANG_WARN_BLOCK_CAPTURE_AUTORELEASING = YES;
				CLANG_WARN_BOOL_CONVERSION = YES;
				CLANG_WARN_COMMA = YES;
				CLANG_WARN_CONSTANT_CONVERSION = YES;
				CLANG_WARN_DEPRECATED_OBJC_IMPLEMENTATIONS = YES;
				CLANG_WARN_DIRECT_OBJC_ISA_USAGE = YES_ERROR;
				CLANG_WARN_DOCUMENTATION_COMMENTS = YES;
				CLANG_WARN_EMPTY_BODY = YES;
				CLANG_WARN_ENUM_CONVERSION = YES;
				CLANG_WARN_INFINITE_RECURSION = YES;
				CLANG_WARN_INT_CONVERSION = YES;
				CLANG_WARN_NON_LITERAL_NULL_CONVERSION = YES;
				CLANG_WARN_OBJC_IMPLICIT_RETAIN_SELF = YES;
				CLANG_WARN_OBJC_LITERAL_CONVERSION = YES;
				CLANG_WARN_OBJC_ROOT_CLASS = YES_ERROR;
				CLANG_WARN_QUOTED_INCLUDE_IN_FRAMEWORK_HEADER = YES;
				CLANG_WARN_RANGE_LOOP_ANALYSIS = YES;
				CLANG_WARN_STRICT_PROTOTYPES = YES;
				CLANG_WARN_SUSPICIOUS_MOVE = YES;
				CLANG_WARN_UNGUARDED_AVAILABILITY = YES_AGGRESSIVE;
				CLANG_WARN_UNREACHABLE_CODE = YES;
				CLANG_WARN__DUPLICATE_METHOD_MATCH = YES;
				COPY_PHASE_STRIP = NO;
				DEBUG_INFORMATION_FORMAT = dwarf;
				ENABLE_STRICT_OBJC_MSGSEND = YES;
				ENABLE_TESTABILITY = YES;
				GCC_C_LANGUAGE_STANDARD = gnu11;
				GCC_DYNAMIC_NO_PIC = NO;
				GCC_NO_COMMON_BLOCKS = YES;
				GCC_OPTIMIZATION_LEVEL = 0;
				GCC_PREPROCESSOR_DEFINITIONS = (
					"DEBUG=1",
					"$(inherited)",
				);
				GCC_WARN_64_TO_32_BIT_CONVERSION = YES;
				GCC_WARN_ABOUT_RETURN_TYPE = YES_ERROR;
				GCC_WARN_UNDECLARED_SELECTOR = YES;
				GCC_WARN_UNINITIALIZED_AUTOS = YES_AGGRESSIVE;
				GCC_WARN_UNUSED_FUNCTION = YES;
				GCC_WARN_UNUSED_VARIABLE = YES;
				IPHONEOS_DEPLOYMENT_TARGET = 16.2;
				MTL_ENABLE_DEBUG_INFO = INCLUDE_SOURCE;
				MTL_FAST_MATH = YES;
				ONLY_ACTIVE_ARCH = YES;
				SDKROOT = iphoneos;
				SWIFT_ACTIVE_COMPILATION_CONDITIONS = DEBUG;
				SWIFT_OPTIMIZATION_LEVEL = "-Onone";
			};
			name = Debug;
		};
		9F0ED6DB2E33E05E000B7E65 /* Release */ = {
			isa = XCBuildConfiguration;
			buildSettings = {
				ALWAYS_SEARCH_USER_PATHS = NO;
				CLANG_ANALYZER_NONNULL = YES;
				CLANG_ANALYZER_NUMBER_OBJECT_CONVERSION = YES_AGGRESSIVE;
				CLANG_CXX_LANGUAGE_STANDARD = "gnu++20";
				CLANG_ENABLE_MODULES = YES;
				CLANG_ENABLE_OBJC_ARC = YES;
				CLANG_ENABLE_OBJC_WEAK = YES;
				CLANG_WARN_BLOCK_CAPTURE_AUTORELEASING = YES;
				CLANG_WARN_BOOL_CONVERSION = YES;
				CLANG_WARN_COMMA = YES;
				CLANG_WARN_CONSTANT_CONVERSION = YES;
				CLANG_WARN_DEPRECATED_OBJC_IMPLEMENTATIONS = YES;
				CLANG_WARN_DIRECT_OBJC_ISA_USAGE = YES_ERROR;
				CLANG_WARN_DOCUMENTATION_COMMENTS = YES;
				CLANG_WARN_EMPTY_BODY = YES;
				CLANG_WARN_ENUM_CONVERSION = YES;
				CLANG_WARN_INFINITE_RECURSION = YES;
				CLANG_WARN_INT_CONVERSION = YES;
				CLANG_WARN_NON_LITERAL_NULL_CONVERSION = YES;
				CLANG_WARN_OBJC_IMPLICIT_RETAIN_SELF = YES;
				CLANG_WARN_OBJC_LITERAL_CONVERSION = YES;
				CLANG_WARN_OBJC_ROOT_CLASS = YES_ERROR;
				CLANG_WARN_QUOTED_INCLUDE_IN_FRAMEWORK_HEADER = YES;
				CLANG_WARN_RANGE_LOOP_ANALYSIS = YES;
				CLANG_WARN_STRICT_PROTOTYPES = YES;
				CLANG_WARN_SUSPICIOUS_MOVE = YES;
				CLANG_WARN_UNGUARDED_AVAILABILITY = YES_AGGRESSIVE;
				CLANG_WARN_UNREACHABLE_CODE = YES;
				CLANG_WARN__DUPLICATE_METHOD_MATCH = YES;
				COPY_PHASE_STRIP = NO;
				DEBUG_INFORMATION_FORMAT = "dwarf-with-dsym";
				ENABLE_NS_ASSERTIONS = NO;
				ENABLE_STRICT_OBJC_MSGSEND = YES;
				GCC_C_LANGUAGE_STANDARD = gnu11;
				GCC_NO_COMMON_BLOCKS = YES;
				GCC_WARN_64_TO_32_BIT_CONVERSION = YES;
				GCC_WARN_ABOUT_RETURN_TYPE = YES_ERROR;
				GCC_WARN_UNDECLARED_SELECTOR = YES;
				GCC_WARN_UNINITIALIZED_AUTOS = YES_AGGRESSIVE;
				GCC_WARN_UNUSED_FUNCTION = YES;
				GCC_WARN_UNUSED_VARIABLE = YES;
				IPHONEOS_DEPLOYMENT_TARGET = 16.2;
				MTL_ENABLE_DEBUG_INFO = NO;
				MTL_FAST_MATH = YES;
				SDKROOT = iphoneos;
				SWIFT_COMPILATION_MODE = wholemodule;
				SWIFT_OPTIMIZATION_LEVEL = "-O";
				VALIDATE_PRODUCT = YES;
			};
			name = Release;
		};
		9F0ED6DD2E33E05E000B7E65 /* Debug */ = {
			isa = XCBuildConfiguration;
			buildSettings = {
				ASSETCATALOG_COMPILER_APPICON_NAME = AppIcon;
				ASSETCATALOG_COMPILER_GLOBAL_ACCENT_COLOR_NAME = AccentColor;
				CODE_SIGN_STYLE = Automatic;
				CURRENT_PROJECT_VERSION = 1;
				DEVELOPMENT_ASSET_PATHS = "\"SwiftUIApp/Preview Content\"";
				DEVELOPMENT_TEAM = 93D9KK29RF;
				ENABLE_PREVIEWS = YES;
				GENERATE_INFOPLIST_FILE = YES;
				INFOPLIST_KEY_LSApplicationCategoryType = "public.app-category.developer-tools";
				INFOPLIST_KEY_UIApplicationSceneManifest_Generation = YES;
				INFOPLIST_KEY_UIApplicationSupportsIndirectInputEvents = YES;
				INFOPLIST_KEY_UILaunchScreen_Generation = YES;
				INFOPLIST_KEY_UISupportedInterfaceOrientations_iPad = "UIInterfaceOrientationPortrait UIInterfaceOrientationPortraitUpsideDown UIInterfaceOrientationLandscapeLeft UIInterfaceOrientationLandscapeRight";
				INFOPLIST_KEY_UISupportedInterfaceOrientations_iPhone = "UIInterfaceOrientationPortrait UIInterfaceOrientationLandscapeLeft UIInterfaceOrientationLandscapeRight";
				LD_RUNPATH_SEARCH_PATHS = (
					"$(inherited)",
					"@executable_path/Frameworks",
				);
				MARKETING_VERSION = 1.0;
				PRODUCT_BUNDLE_IDENTIFIER = com.zawarudo.SwiftUIApp;
				PRODUCT_NAME = "$(TARGET_NAME)";
				SWIFT_EMIT_LOC_STRINGS = YES;
				SWIFT_VERSION = 5.0;
				TARGETED_DEVICE_FAMILY = "1,2";
			};
			name = Debug;
		};
		9F0ED6DE2E33E05E000B7E65 /* Release */ = {
			isa = XCBuildConfiguration;
			buildSettings = {
				ASSETCATALOG_COMPILER_APPICON_NAME = AppIcon;
				ASSETCATALOG_COMPILER_GLOBAL_ACCENT_COLOR_NAME = AccentColor;
				CODE_SIGN_STYLE = Automatic;
				CURRENT_PROJECT_VERSION = 1;
				DEVELOPMENT_ASSET_PATHS = "\"SwiftUIApp/Preview Content\"";
				DEVELOPMENT_TEAM = 93D9KK29RF;
				ENABLE_PREVIEWS = YES;
				GENERATE_INFOPLIST_FILE = YES;
				INFOPLIST_KEY_LSApplicationCategoryType = "public.app-category.developer-tools";
				INFOPLIST_KEY_UIApplicationSceneManifest_Generation = YES;
				INFOPLIST_KEY_UIApplicationSupportsIndirectInputEvents = YES;
				INFOPLIST_KEY_UILaunchScreen_Generation = YES;
				INFOPLIST_KEY_UISupportedInterfaceOrientations_iPad = "UIInterfaceOrientationPortrait UIInterfaceOrientationPortraitUpsideDown UIInterfaceOrientationLandscapeLeft UIInterfaceOrientationLandscapeRight";
				INFOPLIST_KEY_UISupportedInterfaceOrientations_iPhone = "UIInterfaceOrientationPortrait UIInterfaceOrientationLandscapeLeft UIInterfaceOrientationLandscapeRight";
				LD_RUNPATH_SEARCH_PATHS = (
					"$(inherited)",
					"@executable_path/Frameworks",
				);
				MARKETING_VERSION = 1.0;
				PRODUCT_BUNDLE_IDENTIFIER = com.zawarudo.SwiftUIApp;
				PRODUCT_NAME = "$(TARGET_NAME)";
				SWIFT_EMIT_LOC_STRINGS = YES;
				SWIFT_VERSION = 5.0;
				TARGETED_DEVICE_FAMILY = "1,2";
			};
			name = Release;
		};
		9F0ED6E02E33E05E000B7E65 /* Debug */ = {
			isa = XCBuildConfiguration;
			buildSettings = {
				ALWAYS_EMBED_SWIFT_STANDARD_LIBRARIES = YES;
				BUNDLE_LOADER = "$(TEST_HOST)";
				CODE_SIGN_STYLE = Automatic;
				CURRENT_PROJECT_VERSION = 1;
				GENERATE_INFOPLIST_FILE = YES;
				IPHONEOS_DEPLOYMENT_TARGET = 16.2;
				MARKETING_VERSION = 1.0;
				PRODUCT_BUNDLE_IDENTIFIER = com.zawarudo.SwiftUIAppTests;
				PRODUCT_NAME = "$(TARGET_NAME)";
				SWIFT_EMIT_LOC_STRINGS = NO;
				SWIFT_VERSION = 5.0;
				TARGETED_DEVICE_FAMILY = "1,2";
				TEST_HOST = "$(BUILT_PRODUCTS_DIR)/SwiftUIApp.app/$(BUNDLE_EXECUTABLE_FOLDER_PATH)/SwiftUIApp";
			};
			name = Debug;
		};
		9F0ED6E12E33E05E000B7E65 /* Release */ = {
			isa = XCBuildConfiguration;
			buildSettings = {
				ALWAYS_EMBED_SWIFT_STANDARD_LIBRARIES = YES;
				BUNDLE_LOADER = "$(TEST_HOST)";
				CODE_SIGN_STYLE = Automatic;
				CURRENT_PROJECT_VERSION = 1;
				GENERATE_INFOPLIST_FILE = YES;
				IPHONEOS_DEPLOYMENT_TARGET = 16.2;
				MARKETING_VERSION = 1.0;
				PRODUCT_BUNDLE_IDENTIFIER = com.zawarudo.SwiftUIAppTests;
				PRODUCT_NAME = "$(TARGET_NAME)";
				SWIFT_EMIT_LOC_STRINGS = NO;
				SWIFT_VERSION = 5.0;
				TARGETED_DEVICE_FAMILY = "1,2";
				TEST_HOST = "$(BUILT_PRODUCTS_DIR)/SwiftUIApp.app/$(BUNDLE_EXECUTABLE_FOLDER_PATH)/SwiftUIApp";
			};
			name = Release;
		};
		9F0ED6E32E33E05E000B7E65 /* Debug */ = {
			isa = XCBuildConfiguration;
			buildSettings = {
				ALWAYS_EMBED_SWIFT_STANDARD_LIBRARIES = YES;
				CODE_SIGN_STYLE = Automatic;
				CURRENT_PROJECT_VERSION = 1;
				GENERATE_INFOPLIST_FILE = YES;
				MARKETING_VERSION = 1.0;
				PRODUCT_BUNDLE_IDENTIFIER = com.zawarudo.SwiftUIAppUITests;
				PRODUCT_NAME = "$(TARGET_NAME)";
				SWIFT_EMIT_LOC_STRINGS = NO;
				SWIFT_VERSION = 5.0;
				TARGETED_DEVICE_FAMILY = "1,2";
				TEST_TARGET_NAME = SwiftUIApp;
			};
			name = Debug;
		};
		9F0ED6E42E33E05E000B7E65 /* Release */ = {
			isa = XCBuildConfiguration;
			buildSettings = {
				ALWAYS_EMBED_SWIFT_STANDARD_LIBRARIES = YES;
				CODE_SIGN_STYLE = Automatic;
				CURRENT_PROJECT_VERSION = 1;
				GENERATE_INFOPLIST_FILE = YES;
				MARKETING_VERSION = 1.0;
				PRODUCT_BUNDLE_IDENTIFIER = com.zawarudo.SwiftUIAppUITests;
				PRODUCT_NAME = "$(TARGET_NAME)";
				SWIFT_EMIT_LOC_STRINGS = NO;
				SWIFT_VERSION = 5.0;
				TARGETED_DEVICE_FAMILY = "1,2";
				TEST_TARGET_NAME = SwiftUIApp;
			};
			name = Release;
		};
/* End XCBuildConfiguration section */

/* Begin XCConfigurationList section */
		9F0ED6B32E33E05C000B7E65 /* Build configuration list for PBXProject "SwiftUIApp" */ = {
			isa = XCConfigurationList;
			buildConfigurations = (
				9F0ED6DA2E33E05E000B7E65 /* Debug */,
				9F0ED6DB2E33E05E000B7E65 /* Release */,
			);
			defaultConfigurationIsVisible = 0;
			defaultConfigurationName = Release;
		};
		9F0ED6DC2E33E05E000B7E65 /* Build configuration list for PBXNativeTarget "SwiftUIApp" */ = {
			isa = XCConfigurationList;
			buildConfigurations = (
				9F0ED6DD2E33E05E000B7E65 /* Debug */,
				9F0ED6DE2E33E05E000B7E65 /* Release */,
			);
			defaultConfigurationIsVisible = 0;
			defaultConfigurationName = Release;
		};
		9F0ED6DF2E33E05E000B7E65 /* Build configuration list for PBXNativeTarget "SwiftUIAppTests" */ = {
			isa = XCConfigurationList;
			buildConfigurations = (
				9F0ED6E02E33E05E000B7E65 /* Debug */,
				9F0ED6E12E33E05E000B7E65 /* Release */,
			);
			defaultConfigurationIsVisible = 0;
			defaultConfigurationName = Release;
		};
		9F0ED6E22E33E05E000B7E65 /* Build configuration list for PBXNativeTarget "SwiftUIAppUITests" */ = {
			isa = XCConfigurationList;
			buildConfigurations = (
				9F0ED6E32E33E05E000B7E65 /* Debug */,
				9F0ED6E42E33E05E000B7E65 /* Release */,
			);
			defaultConfigurationIsVisible = 0;
			defaultConfigurationName = Release;
		};
/* End XCConfigurationList section */
	};
	rootObject = 9F0ED6B02E33E05C000B7E65 /* Project object */;
}
